
Microsoft Visual Studio Solution File, Format Version 12.00
# Visual Studio Version 17
VisualStudioVersion = 17.0.31919.166
MinimumVisualStudioVersion = 10.0.40219.1
Project("{FAE04EC0-301F-11D3-BF4B-00C04F79EFBC}") = "Section01Test", "Section01Test\Section01Test.csproj", "{BBCAE1E7-D502-45F4-81C8-EE49243D13E2}"
EndProject
Global
	GlobalSection(SolutionConfigurationPlatforms) = preSolution
		Debug|Any CPU = Debug|Any CPU
		Release|Any CPU = Release|Any CPU
	EndGlobalSection
	GlobalSection(ProjectConfigurationPlatforms) = postSolution
		{BBCAE1E7-D502-45F4-81C8-EE49243D13E2}.Debug|Any CPU.ActiveCfg = Debug|Any CPU
		{BBCAE1E7-D502-45F4-81C8-EE49243D13E2}.Debug|Any CPU.Build.0 = Debug|Any CPU
		{BBCAE1E7-D502-45F4-81C8-EE49243D13E2}.Release|Any CPU.ActiveCfg = Release|Any CPU
		{BBCAE1E7-D502-45F4-81C8-EE49243D13E2}.Release|Any CPU.Build.0 = Release|Any CPU
	EndGlobalSection
	GlobalSection(SolutionProperties) = preSolution
		HideSolutionNode = FALSE
	EndGlobalSection
	GlobalSection(ExtensibilityGlobals) = postSolution
		SolutionGuid = {B5E4E7CC-80D9-4BC9-95E4-C3302B5CE930}
	EndGlobalSection
EndGlobal
